version = 1
requires-python = ">=3.12"
resolution-markers = [
    "sys_platform == 'darwin'",
    "platform_machine == 'aarch64' and sys_platform == 'linux'",
    "(platform_machine != 'aarch64' and sys_platform == 'linux') or (sys_platform != 'darwin' and sys_platform != 'linux')",
]

[[package]]
name = "camera-publisher"
version = "0.1.0"
source = { virtual = "." }
dependencies = [
    { name = "numpy" },
    { name = "opencv-python" },
    { name = "pyzed" },
    { name = "zmq" },
]

[package.metadata]
requires-dist = [
    { name = "numpy", specifier = "==1.26.4" },
    { name = "opencv-python", specifier = "==4.8.1.78" },
    { name = "pyzed", path = "../../../../../usr/local/zed/pyzed-4.2-cp312-cp312-linux_x86_64.whl" },
    { name = "zmq", specifier = ">=0.0.0" },
]

[[package]]
name = "cffi"
version = "1.17.1"
source = { registry = "https://pypi.org/simple" }
dependencies = [
    { name = "pycparser" },
]
sdist = { url = "https://files.pythonhosted.org/packages/fc/97/c783634659c2920c3fc70419e3af40972dbaf758daa229a7d6ea6135c90d/cffi-1.17.1.tar.gz", hash = "sha256:1c39c6016c32bc48dd54561950ebd6836e1670f2ae46128f67cf49e789c52824", size = 516621 }
wheels = [
    { url = "https://files.pythonhosted.org/packages/5a/84/e94227139ee5fb4d600a7a4927f322e1d4aea6fdc50bd3fca8493caba23f/cffi-1.17.1-cp312-cp312-macosx_10_9_x86_64.whl", hash = "sha256:805b4371bf7197c329fcb3ead37e710d1bca9da5d583f5073b799d5c5bd1eee4", size = 183178 },
    { url = "https://files.pythonhosted.org/packages/da/ee/fb72c2b48656111c4ef27f0f91da355e130a923473bf5ee75c5643d00cca/cffi-1.17.1-cp312-cp312-macosx_11_0_arm64.whl", hash = "sha256:733e99bc2df47476e3848417c5a4540522f234dfd4ef3ab7fafdf555b082ec0c", size = 178840 },
    { url = "https://files.pythonhosted.org/packages/cc/b6/db007700f67d151abadf508cbfd6a1884f57eab90b1bb985c4c8c02b0f28/cffi-1.17.1-cp312-cp312-manylinux_2_12_i686.manylinux2010_i686.manylinux_2_17_i686.manylinux2014_i686.whl", hash = "sha256:1257bdabf294dceb59f5e70c64a3e2f462c30c7ad68092d01bbbfb1c16b1ba36", size = 454803 },
    { url = "https://files.pythonhosted.org/packages/1a/df/f8d151540d8c200eb1c6fba8cd0dfd40904f1b0682ea705c36e6c2e97ab3/cffi-1.17.1-cp312-cp312-manylinux_2_17_aarch64.manylinux2014_aarch64.whl", hash = "sha256:da95af8214998d77a98cc14e3a3bd00aa191526343078b530ceb0bd710fb48a5", size = 478850 },
    { url = "https://files.pythonhosted.org/packages/28/c0/b31116332a547fd2677ae5b78a2ef662dfc8023d67f41b2a83f7c2aa78b1/cffi-1.17.1-cp312-cp312-manylinux_2_17_ppc64le.manylinux2014_ppc64le.whl", hash = "sha256:d63afe322132c194cf832bfec0dc69a99fb9bb6bbd550f161a49e9e855cc78ff", size = 485729 },
    { url = "https://files.pythonhosted.org/packages/91/2b/9a1ddfa5c7f13cab007a2c9cc295b70fbbda7cb10a286aa6810338e60ea1/cffi-1.17.1-cp312-cp312-manylinux_2_17_s390x.manylinux2014_s390x.whl", hash = "sha256:f79fc4fc25f1c8698ff97788206bb3c2598949bfe0fef03d299eb1b5356ada99", size = 471256 },
    { url = "https://files.pythonhosted.org/packages/b2/d5/da47df7004cb17e4955df6a43d14b3b4ae77737dff8bf7f8f333196717bf/cffi-1.17.1-cp312-cp312-manylinux_2_17_x86_64.manylinux2014_x86_64.whl", hash = "sha256:b62ce867176a75d03a665bad002af8e6d54644fad99a3c70905c543130e39d93", size = 479424 },
    { url = "https://files.pythonhosted.org/packages/0b/ac/2a28bcf513e93a219c8a4e8e125534f4f6db03e3179ba1c45e949b76212c/cffi-1.17.1-cp312-cp312-musllinux_1_1_aarch64.whl", hash = "sha256:386c8bf53c502fff58903061338ce4f4950cbdcb23e2902d86c0f722b786bbe3", size = 484568 },
    { url = "https://files.pythonhosted.org/packages/d4/38/ca8a4f639065f14ae0f1d9751e70447a261f1a30fa7547a828ae08142465/cffi-1.17.1-cp312-cp312-musllinux_1_1_x86_64.whl", hash = "sha256:4ceb10419a9adf4460ea14cfd6bc43d08701f0835e979bf821052f1805850fe8", size = 488736 },
    { url = "https://files.pythonhosted.org/packages/86/c5/28b2d6f799ec0bdecf44dced2ec5ed43e0eb63097b0f58c293583b406582/cffi-1.17.1-cp312-cp312-win32.whl", hash = "sha256:a08d7e755f8ed21095a310a693525137cfe756ce62d066e53f502a83dc550f65", size = 172448 },
    { url = "https://files.pythonhosted.org/packages/50/b9/db34c4755a7bd1cb2d1603ac3863f22bcecbd1ba29e5ee841a4bc510b294/cffi-1.17.1-cp312-cp312-win_amd64.whl", hash = "sha256:51392eae71afec0d0c8fb1a53b204dbb3bcabcb3c9b807eedf3e1e6ccf2de903", size = 181976 },
    { url = "https://files.pythonhosted.org/packages/8d/f8/dd6c246b148639254dad4d6803eb6a54e8c85c6e11ec9df2cffa87571dbe/cffi-1.17.1-cp313-cp313-macosx_10_13_x86_64.whl", hash = "sha256:f3a2b4222ce6b60e2e8b337bb9596923045681d71e5a082783484d845390938e", size = 182989 },
    { url = "https://files.pythonhosted.org/packages/8b/f1/672d303ddf17c24fc83afd712316fda78dc6fce1cd53011b839483e1ecc8/cffi-1.17.1-cp313-cp313-macosx_11_0_arm64.whl", hash = "sha256:0984a4925a435b1da406122d4d7968dd861c1385afe3b45ba82b750f229811e2", size = 178802 },
    { url = "https://files.pythonhosted.org/packages/0e/2d/eab2e858a91fdff70533cab61dcff4a1f55ec60425832ddfdc9cd36bc8af/cffi-1.17.1-cp313-cp313-manylinux_2_12_i686.manylinux2010_i686.manylinux_2_17_i686.manylinux2014_i686.whl", hash = "sha256:d01b12eeeb4427d3110de311e1774046ad344f5b1a7403101878976ecd7a10f3", size = 454792 },
    { url = "https://files.pythonhosted.org/packages/75/b2/fbaec7c4455c604e29388d55599b99ebcc250a60050610fadde58932b7ee/cffi-1.17.1-cp313-cp313-manylinux_2_17_aarch64.manylinux2014_aarch64.whl", hash = "sha256:706510fe141c86a69c8ddc029c7910003a17353970cff3b904ff0686a5927683", size = 478893 },
    { url = "https://files.pythonhosted.org/packages/4f/b7/6e4a2162178bf1935c336d4da8a9352cccab4d3a5d7914065490f08c0690/cffi-1.17.1-cp313-cp313-manylinux_2_17_ppc64le.manylinux2014_ppc64le.whl", hash = "sha256:de55b766c7aa2e2a3092c51e0483d700341182f08e67c63630d5b6f200bb28e5", size = 485810 },
    { url = "https://files.pythonhosted.org/packages/c7/8a/1d0e4a9c26e54746dc08c2c6c037889124d4f59dffd853a659fa545f1b40/cffi-1.17.1-cp313-cp313-manylinux_2_17_s390x.manylinux2014_s390x.whl", hash = "sha256:c59d6e989d07460165cc5ad3c61f9fd8f1b4796eacbd81cee78957842b834af4", size = 471200 },
    { url = "https://files.pythonhosted.org/packages/26/9f/1aab65a6c0db35f43c4d1b4f580e8df53914310afc10ae0397d29d697af4/cffi-1.17.1-cp313-cp313-manylinux_2_17_x86_64.manylinux2014_x86_64.whl", hash = "sha256:dd398dbc6773384a17fe0d3e7eeb8d1a21c2200473ee6806bb5e6a8e62bb73dd", size = 479447 },
    { url = "https://files.pythonhosted.org/packages/5f/e4/fb8b3dd8dc0e98edf1135ff067ae070bb32ef9d509d6cb0f538cd6f7483f/cffi-1.17.1-cp313-cp313-musllinux_1_1_aarch64.whl", hash = "sha256:3edc8d958eb099c634dace3c7e16560ae474aa3803a5df240542b305d14e14ed", size = 484358 },
    { url = "https://files.pythonhosted.org/packages/f1/47/d7145bf2dc04684935d57d67dff9d6d795b2ba2796806bb109864be3a151/cffi-1.17.1-cp313-cp313-musllinux_1_1_x86_64.whl", hash = "sha256:72e72408cad3d5419375fc87d289076ee319835bdfa2caad331e377589aebba9", size = 488469 },
    { url = "https://files.pythonhosted.org/packages/bf/ee/f94057fa6426481d663b88637a9a10e859e492c73d0384514a17d78ee205/cffi-1.17.1-cp313-cp313-win32.whl", hash = "sha256:e03eab0a8677fa80d646b5ddece1cbeaf556c313dcfac435ba11f107ba117b5d", size = 172475 },
    { url = "https://files.pythonhosted.org/packages/7c/fc/6a8cb64e5f0324877d503c854da15d76c1e50eb722e320b15345c4d0c6de/cffi-1.17.1-cp313-cp313-win_amd64.whl", hash = "sha256:f6a16c31041f09ead72d69f583767292f750d24913dadacf5756b966aacb3f1a", size = 182009 },
]

[[package]]
name = "cython"
version = "3.0.12"
source = { registry = "https://pypi.org/simple" }
sdist = { url = "https://files.pythonhosted.org/packages/5a/25/886e197c97a4b8e254173002cdc141441e878ff29aaa7d9ba560cd6e4866/cython-3.0.12.tar.gz", hash = "sha256:b988bb297ce76c671e28c97d017b95411010f7c77fa6623dd0bb47eed1aee1bc", size = 2757617 }
wheels = [
    { url = "https://files.pythonhosted.org/packages/e6/6c/3be501a6520a93449b1e7e6f63e598ec56f3b5d1bc7ad14167c72a22ddf7/Cython-3.0.12-cp312-cp312-macosx_10_9_x86_64.whl", hash = "sha256:fe030d4a00afb2844f5f70896b7f2a1a0d7da09bf3aa3d884cbe5f73fff5d310", size = 3311717 },
    { url = "https://files.pythonhosted.org/packages/ee/ab/adfeb22c85491de18ae10932165edd5b6f01e4c5e3e363638759d1235015/Cython-3.0.12-cp312-cp312-manylinux_2_17_aarch64.manylinux2014_aarch64.whl", hash = "sha256:a7fec4f052b8fe173fe70eae75091389955b9a23d5cec3d576d21c5913b49d47", size = 3344337 },
    { url = "https://files.pythonhosted.org/packages/0d/72/743730d7c46b4c85abefb93187cbbcb7aae8de288d7722b990db3d13499e/Cython-3.0.12-cp312-cp312-manylinux_2_17_x86_64.manylinux2014_x86_64.whl", hash = "sha256:0faa5e39e5c8cdf6f9c3b1c3f24972826e45911e7f5b99cf99453fca5432f45e", size = 3517692 },
    { url = "https://files.pythonhosted.org/packages/09/a1/29a4759a02661f8c8e6b703f62bfbc8285337e6918cc90f55dc0fadb5eb3/Cython-3.0.12-cp312-cp312-manylinux_2_5_i686.manylinux1_i686.manylinux_2_17_i686.manylinux2014_i686.whl", hash = "sha256:2d53de996ed340e9ab0fc85a88aaa8932f2591a2746e1ab1c06e262bd4ec4be7", size = 3577057 },
    { url = "https://files.pythonhosted.org/packages/d6/f8/03d74e98901a7cc2f21f95231b07dd54ec2f69477319bac268b3816fc3a8/Cython-3.0.12-cp312-cp312-musllinux_1_2_aarch64.whl", hash = "sha256:ea3a0e19ab77266c738aa110684a753a04da4e709472cadeff487133354d6ab8", size = 3396493 },
    { url = "https://files.pythonhosted.org/packages/50/ea/ac33c5f54f980dbc23dd8f1d5c51afeef26e15ac1a66388e4b8195af83b7/Cython-3.0.12-cp312-cp312-musllinux_1_2_x86_64.whl", hash = "sha256:c151082884be468f2f405645858a857298ac7f7592729e5b54788b5c572717ba", size = 3603859 },
    { url = "https://files.pythonhosted.org/packages/a2/4e/91fc1d6b5e678dcf2d1ecd8dce45b014b4b60d2044d376355c605831c873/Cython-3.0.12-cp312-cp312-win32.whl", hash = "sha256:3083465749911ac3b2ce001b6bf17f404ac9dd35d8b08469d19dc7e717f5877a", size = 2610428 },
    { url = "https://files.pythonhosted.org/packages/ff/c3/a7fdec227b9f0bb07edbeb016c7b18ed6a8e6ce884d08b2e397cda2c0168/Cython-3.0.12-cp312-cp312-win_amd64.whl", hash = "sha256:c0b91c7ebace030dd558ea28730de8c580680b50768e5af66db2904a3716c3e3", size = 2794755 },
    { url = "https://files.pythonhosted.org/packages/67/ad/550ddcb8b5a5d9949fe6606595cce36984c1d42309f1e04af98f5933a7ea/Cython-3.0.12-cp313-cp313-macosx_10_13_x86_64.whl", hash = "sha256:4ee6f1ea1bead8e6cbc4e64571505b5d8dbdb3b58e679d31f3a84160cebf1a1a", size = 3393574 },
    { url = "https://files.pythonhosted.org/packages/34/de/ade0a80bea17197662e23d39d3d3fbf89e9e99e6ad91fd95ab87120edb3a/Cython-3.0.12-cp313-cp313-manylinux_2_17_aarch64.manylinux2014_aarch64.whl", hash = "sha256:57aefa6d3341109e46ec1a13e3a763aaa2cbeb14e82af2485b318194be1d9170", size = 3367198 },
    { url = "https://files.pythonhosted.org/packages/a8/30/7f48207ea13dab46604db0dd388e807d53513ba6ad1c34462892072f8f8c/Cython-3.0.12-cp313-cp313-manylinux_2_17_x86_64.manylinux2014_x86_64.whl", hash = "sha256:879ae9023958d63c0675015369384642d0afb9c9d1f3473df9186c42f7a9d265", size = 3535849 },
    { url = "https://files.pythonhosted.org/packages/81/ab/f61c79fa14bd433a7dfd1548c5e00d9bd18b557c2f836aaece4fb1b22f34/Cython-3.0.12-cp313-cp313-manylinux_2_5_i686.manylinux1_i686.manylinux_2_17_i686.manylinux2014_i686.whl", hash = "sha256:36fcd584dae547de6f095500a380f4a0cce72b7a7e409e9ff03cb9beed6ac7a1", size = 3559079 },
    { url = "https://files.pythonhosted.org/packages/d0/d1/1dbf17061229ccd35d5c0eed659fab60c2e50d2eadfa2a5729e753b6f4d0/Cython-3.0.12-cp313-cp313-musllinux_1_2_aarch64.whl", hash = "sha256:62b79dcc0de49efe9e84b9d0e2ae0a6fc9b14691a65565da727aa2e2e63c6a28", size = 3436649 },
    { url = "https://files.pythonhosted.org/packages/2d/d4/9ce42fff6de5550f870cdde9a1482d69ea66a1249a88fa0d0df9adebfb1a/Cython-3.0.12-cp313-cp313-musllinux_1_2_x86_64.whl", hash = "sha256:4aa255781b093a8401109d8f2104bbb2e52de7639d5896aefafddc85c30e0894", size = 3644025 },
    { url = "https://files.pythonhosted.org/packages/e3/89/b0c847f9df92af3ef11281b6811c000bd6f8ce0db02e4374397f8d67f829/Cython-3.0.12-cp313-cp313-win32.whl", hash = "sha256:77d48f2d4bab9fe1236eb753d18f03e8b2619af5b6f05d51df0532a92dfb38ab", size = 2604911 },
    { url = "https://files.pythonhosted.org/packages/a6/5f/bbfaf2b5f7bf78854ecbc82f8473a3892ae5580e0c5bd0d4a82580b39ed3/Cython-3.0.12-cp313-cp313-win_amd64.whl", hash = "sha256:86c304b20bd57c727c7357e90d5ba1a2b6f1c45492de2373814d7745ef2e63b4", size = 2786786 },
    { url = "https://files.pythonhosted.org/packages/27/6b/7c87867d255cbce8167ed99fc65635e9395d2af0f0c915428f5b17ec412d/Cython-3.0.12-py2.py3-none-any.whl", hash = "sha256:0038c9bae46c459669390e53a1ec115f8096b2e4647ae007ff1bf4e6dee92806", size = 1171640 },
]

[[package]]
name = "numpy"
version = "1.26.4"
source = { registry = "https://pypi.org/simple" }
sdist = { url = "https://files.pythonhosted.org/packages/65/6e/09db70a523a96d25e115e71cc56a6f9031e7b8cd166c1ac8438307c14058/numpy-1.26.4.tar.gz", hash = "sha256:2a02aba9ed12e4ac4eb3ea9421c420301a0c6460d9830d74a9df87efa4912010", size = 15786129 }
wheels = [
    { url = "https://files.pythonhosted.org/packages/95/12/8f2020a8e8b8383ac0177dc9570aad031a3beb12e38847f7129bacd96228/numpy-1.26.4-cp312-cp312-macosx_10_9_x86_64.whl", hash = "sha256:b3ce300f3644fb06443ee2222c2201dd3a89ea6040541412b8fa189341847218", size = 20335901 },
    { url = "https://files.pythonhosted.org/packages/75/5b/ca6c8bd14007e5ca171c7c03102d17b4f4e0ceb53957e8c44343a9546dcc/numpy-1.26.4-cp312-cp312-macosx_11_0_arm64.whl", hash = "sha256:03a8c78d01d9781b28a6989f6fa1bb2c4f2d51201cf99d3dd875df6fbd96b23b", size = 13685868 },
    { url = "https://files.pythonhosted.org/packages/79/f8/97f10e6755e2a7d027ca783f63044d5b1bc1ae7acb12afe6a9b4286eac17/numpy-1.26.4-cp312-cp312-manylinux_2_17_aarch64.manylinux2014_aarch64.whl", hash = "sha256:9fad7dcb1aac3c7f0584a5a8133e3a43eeb2fe127f47e3632d43d677c66c102b", size = 13925109 },
    { url = "https://files.pythonhosted.org/packages/0f/50/de23fde84e45f5c4fda2488c759b69990fd4512387a8632860f3ac9cd225/numpy-1.26.4-cp312-cp312-manylinux_2_17_x86_64.manylinux2014_x86_64.whl", hash = "sha256:675d61ffbfa78604709862923189bad94014bef562cc35cf61d3a07bba02a7ed", size = 17950613 },
    { url = "https://files.pythonhosted.org/packages/4c/0c/9c603826b6465e82591e05ca230dfc13376da512b25ccd0894709b054ed0/numpy-1.26.4-cp312-cp312-musllinux_1_1_aarch64.whl", hash = "sha256:ab47dbe5cc8210f55aa58e4805fe224dac469cde56b9f731a4c098b91917159a", size = 13572172 },
    { url = "https://files.pythonhosted.org/packages/76/8c/2ba3902e1a0fc1c74962ea9bb33a534bb05984ad7ff9515bf8d07527cadd/numpy-1.26.4-cp312-cp312-musllinux_1_1_x86_64.whl", hash = "sha256:1dda2e7b4ec9dd512f84935c5f126c8bd8b9f2fc001e9f54af255e8c5f16b0e0", size = 17786643 },
    { url = "https://files.pythonhosted.org/packages/28/4a/46d9e65106879492374999e76eb85f87b15328e06bd1550668f79f7b18c6/numpy-1.26.4-cp312-cp312-win32.whl", hash = "sha256:50193e430acfc1346175fcbdaa28ffec49947a06918b7b92130744e81e640110", size = 5677803 },
    { url = "https://files.pythonhosted.org/packages/16/2e/86f24451c2d530c88daf997cb8d6ac622c1d40d19f5a031ed68a4b73a374/numpy-1.26.4-cp312-cp312-win_amd64.whl", hash = "sha256:08beddf13648eb95f8d867350f6a018a4be2e5ad54c8d8caed89ebca558b2818", size = 15517754 },
]

[[package]]
name = "opencv-python"
version = "4.8.1.78"
source = { registry = "https://pypi.org/simple" }
dependencies = [
    { name = "numpy" },
]
sdist = { url = "https://files.pythonhosted.org/packages/c0/52/9fe76a56e01078a612812b40764a7b138f528b503f7653996c6cfadfa8ec/opencv-python-4.8.1.78.tar.gz", hash = "sha256:cc7adbbcd1112877a39274106cb2752e04984bc01a031162952e97450d6117f6", size = 92094255 }
wheels = [
    { url = "https://files.pythonhosted.org/packages/05/58/7ee92b21cb98689cbe28c69e3cf8ee51f261bfb6bc904ae578736d22d2e7/opencv_python-4.8.1.78-cp37-abi3-macosx_10_16_x86_64.whl", hash = "sha256:91d5f6f5209dc2635d496f6b8ca6573ecdad051a09e6b5de4c399b8e673c60da", size = 54739488 },
    { url = "https://files.pythonhosted.org/packages/a1/f6/57de91ea40c670527cd47a6548bf2cbedc68cec57c041793b256356abad7/opencv_python-4.8.1.78-cp37-abi3-macosx_11_0_arm64.whl", hash = "sha256:bc31f47e05447da8b3089faa0a07ffe80e114c91ce0b171e6424f9badbd1c5cd", size = 33127231 },
    { url = "https://files.pythonhosted.org/packages/c7/a5/dd3735d08c1afc2e801f564f6602392cd86cf59bcb5a6712582ad0610a22/opencv_python-4.8.1.78-cp37-abi3-manylinux_2_17_aarch64.manylinux2014_aarch64.whl", hash = "sha256:9814beca408d3a0eca1bae7e3e5be68b07c17ecceb392b94170881216e09b319", size = 41016265 },
    { url = "https://files.pythonhosted.org/packages/b7/8a/b2f7e1a434d56bf1d7570fc5941ace0847404e1032d7f1f0b8fed896568d/opencv_python-4.8.1.78-cp37-abi3-manylinux_2_17_x86_64.manylinux2014_x86_64.whl", hash = "sha256:c4c406bdb41eb21ea51b4e90dfbc989c002786c3f601c236a99c59a54670a394", size = 61712178 },
    { url = "https://files.pythonhosted.org/packages/13/92/6f3194559d4e2a17826240f2466076728f4c92a2d124a32bfd51ca070019/opencv_python-4.8.1.78-cp37-abi3-win32.whl", hash = "sha256:a7aac3900fbacf55b551e7b53626c3dad4c71ce85643645c43e91fcb19045e47", size = 28281329 },
    { url = "https://files.pythonhosted.org/packages/38/d2/3e8c13ffc37ca5ebc6f382b242b44acb43eb489042e1728407ac3904e72f/opencv_python-4.8.1.78-cp37-abi3-win_amd64.whl", hash = "sha256:b983197f97cfa6fcb74e1da1802c7497a6f94ed561aba6980f1f33123f904956", size = 38065100 },
]

[[package]]
name = "pycparser"
version = "2.22"
source = { registry = "https://pypi.org/simple" }
sdist = { url = "https://files.pythonhosted.org/packages/1d/b2/31537cf4b1ca988837256c910a668b553fceb8f069bedc4b1c826024b52c/pycparser-2.22.tar.gz", hash = "sha256:491c8be9c040f5390f5bf44a5b07752bd07f56edf992381b05c701439eec10f6", size = 172736 }
wheels = [
    { url = "https://files.pythonhosted.org/packages/13/a3/a812df4e2dd5696d1f351d58b8fe16a405b234ad2886a0dab9183fb78109/pycparser-2.22-py3-none-any.whl", hash = "sha256:c3702b6d3dd8c7abc1afa565d7e63d53a1d0bd86cdc24edd75470f4de499cfcc", size = 117552 },
]

[[package]]
name = "pyzed"
version = "4.2"
source = { path = "../../../../../usr/local/zed/pyzed-4.2-cp312-cp312-linux_x86_64.whl" }
dependencies = [
    { name = "cython" },
    { name = "numpy" },
]
wheels = [
    { filename = "pyzed-4.2-cp312-cp312-linux_x86_64.whl", hash = "sha256:101aaa1ac19308c872623dde15abe6425c2816275c40df7f585b03bd8e7d9492" },
]

[package.metadata]
requires-dist = [
    { name = "cython", specifier = ">=3.0.0" },
    { name = "numpy", specifier = ">=1.13,<2.0" },
    { name = "opencv-python", marker = "extra == 'sample'" },
    { name = "pyopengl", marker = "extra == 'sample'" },
]

[[package]]
name = "pyzmq"
version = "26.3.0"
source = { registry = "https://pypi.org/simple" }
dependencies = [
    { name = "cffi", marker = "implementation_name == 'pypy'" },
]
sdist = { url = "https://files.pythonhosted.org/packages/3a/ed/c3876f3b3e8beba336214ce44e1efa1792dd537027cef24192ac2b077d7c/pyzmq-26.3.0.tar.gz", hash = "sha256:f1cd68b8236faab78138a8fc703f7ca0ad431b17a3fcac696358600d4e6243b3", size = 276733 }
wheels = [
    { url = "https://files.pythonhosted.org/packages/7b/03/7170c3814bb9106c1bca67700c731aaf1cd990fd2f0097c754acb600330e/pyzmq-26.3.0-cp312-cp312-macosx_10_15_universal2.whl", hash = "sha256:c80653332c6136da7f4d4e143975e74ac0fa14f851f716d90583bc19e8945cea", size = 1348354 },
    { url = "https://files.pythonhosted.org/packages/74/f3/908b17f9111cdc764aef1de3d36026a2984c46ed90c3c2c85f28b66142f0/pyzmq-26.3.0-cp312-cp312-manylinux_2_17_aarch64.manylinux2014_aarch64.whl", hash = "sha256:6e317ee1d4528a03506cb1c282cd9db73660a35b3564096de37de7350e7d87a7", size = 671056 },
    { url = "https://files.pythonhosted.org/packages/02/ad/afcb8484b65ceacd1609f709c2caeed31bd6c49261a7507cd5c175cc105f/pyzmq-26.3.0-cp312-cp312-manylinux_2_17_i686.manylinux2014_i686.whl", hash = "sha256:943a22ebb3daacb45f76a9bcca9a7b74e7d94608c0c0505da30af900b998ca8d", size = 908597 },
    { url = "https://files.pythonhosted.org/packages/a1/b5/4eeeae0aaaa6ef0c74cfa8b2273b53382bd858df6d99485f2fc8211e7002/pyzmq-26.3.0-cp312-cp312-manylinux_2_17_x86_64.manylinux2014_x86_64.whl", hash = "sha256:3fc9e71490d989144981ea21ef4fdfaa7b6aa84aff9632d91c736441ce2f6b00", size = 865260 },
    { url = "https://files.pythonhosted.org/packages/74/6a/63db856e93e3a3c3dc98a1de28a902cf1b21c7b0d3856cd5931d7cfd30af/pyzmq-26.3.0-cp312-cp312-manylinux_2_28_x86_64.whl", hash = "sha256:e281a8071a06888575a4eb523c4deeefdcd2f5fe4a2d47e02ac8bf3a5b49f695", size = 859916 },
    { url = "https://files.pythonhosted.org/packages/e1/ce/d522c9b46ee3746d4b98c81969c568c2c6296e931a65f2c87104b645654c/pyzmq-26.3.0-cp312-cp312-musllinux_1_1_aarch64.whl", hash = "sha256:be77efd735bb1064605be8dec6e721141c1421ef0b115ef54e493a64e50e9a52", size = 1201368 },
    { url = "https://files.pythonhosted.org/packages/5a/56/29dcd3647a39e933eb489fda261a1e2700a59d4a9432889a85166e15651c/pyzmq-26.3.0-cp312-cp312-musllinux_1_1_i686.whl", hash = "sha256:7a4ac2ffa34f1212dd586af90f4ba894e424f0cabb3a49cdcff944925640f6ac", size = 1512663 },
    { url = "https://files.pythonhosted.org/packages/6b/36/7c570698127a43398ed1b1832dada59496e633115016addbce5eda9938a6/pyzmq-26.3.0-cp312-cp312-musllinux_1_1_x86_64.whl", hash = "sha256:ba698c7c252af83b6bba9775035263f0df5f807f0404019916d4b71af8161f66", size = 1411693 },
    { url = "https://files.pythonhosted.org/packages/de/54/51d39bef85a7cdbca36227f7defdbfcdc5011b8361a3bfc0e8df431f5a5d/pyzmq-26.3.0-cp312-cp312-win32.whl", hash = "sha256:214038aaa88e801e54c2ef0cfdb2e6df27eb05f67b477380a452b595c5ecfa37", size = 581244 },
    { url = "https://files.pythonhosted.org/packages/f2/6a/9512b11a1d0c5648534f03d5ab0c3222f55dc9c192029c1cb00a0ca044e2/pyzmq-26.3.0-cp312-cp312-win_amd64.whl", hash = "sha256:bad7fe0372e505442482ca3ccbc0d6f38dae81b1650f57a0aa6bbee18e7df495", size = 643559 },
    { url = "https://files.pythonhosted.org/packages/27/9f/faf5c9cf91b61eeb82a5e919d024d3ac28a795c92cce817be264ccd757d3/pyzmq-26.3.0-cp312-cp312-win_arm64.whl", hash = "sha256:b7b578d604e79e99aa39495becea013fd043fa9f36e4b490efa951f3d847a24d", size = 557664 },
    { url = "https://files.pythonhosted.org/packages/37/16/97b8c5107bfccb39120e611671a452c9ff6e8626fb3f8d4c15afd652b6ae/pyzmq-26.3.0-cp313-cp313-macosx_10_15_universal2.whl", hash = "sha256:fa85953df84beb7b8b73cb3ec3f5d92b62687a09a8e71525c6734e020edf56fd", size = 1345691 },
    { url = "https://files.pythonhosted.org/packages/a5/61/d5572d95040c0bb5b31eed5b23f3f0f992d94e4e0de0cea62e3c7f3a85c1/pyzmq-26.3.0-cp313-cp313-manylinux_2_17_aarch64.manylinux2014_aarch64.whl", hash = "sha256:209d09f0ab6ddbcebe64630d1e6ca940687e736f443c265ae15bc4bfad833597", size = 670622 },
    { url = "https://files.pythonhosted.org/packages/1c/0c/f0235d27388aacf4ed8bcc1d574f6f2f629da0a20610faa0a8e9d363c2b0/pyzmq-26.3.0-cp313-cp313-manylinux_2_17_i686.manylinux2014_i686.whl", hash = "sha256:d35cc1086f1d4f907df85c6cceb2245cb39a04f69c3f375993363216134d76d4", size = 908683 },
    { url = "https://files.pythonhosted.org/packages/cb/52/664828f9586c396b857eec088d208230463e3dc991a24df6adbad98fbaa3/pyzmq-26.3.0-cp313-cp313-manylinux_2_17_x86_64.manylinux2014_x86_64.whl", hash = "sha256:b380e9087078ba91e45fb18cdd0c25275ffaa045cf63c947be0ddae6186bc9d9", size = 865212 },
    { url = "https://files.pythonhosted.org/packages/2b/14/213b2967030b7d7aecc32dd453830f98799b3cbf2b10a40232e9f22a6520/pyzmq-26.3.0-cp313-cp313-manylinux_2_28_x86_64.whl", hash = "sha256:6d64e74143587efe7c9522bb74d1448128fdf9897cc9b6d8b9927490922fd558", size = 860068 },
    { url = "https://files.pythonhosted.org/packages/aa/e5/ff50c8fade69d1c0469652832c626d1910668697642c10cb0e1b6183ef9a/pyzmq-26.3.0-cp313-cp313-musllinux_1_1_aarch64.whl", hash = "sha256:efba4f53ac7752eea6d8ca38a4ddac579e6e742fba78d1e99c12c95cd2acfc64", size = 1201303 },
    { url = "https://files.pythonhosted.org/packages/9a/e2/fff5e483be95ccc11a05781323e001e63ec15daec1d0f6f08de72ca534db/pyzmq-26.3.0-cp313-cp313-musllinux_1_1_i686.whl", hash = "sha256:9b0137a1c40da3b7989839f9b78a44de642cdd1ce20dcef341de174c8d04aa53", size = 1512892 },
    { url = "https://files.pythonhosted.org/packages/21/75/cc44d276e43136e5692e487c3c019f816e11ed445261e434217c28cc98c4/pyzmq-26.3.0-cp313-cp313-musllinux_1_1_x86_64.whl", hash = "sha256:a995404bd3982c089e57b428c74edd5bfc3b0616b3dbcd6a8e270f1ee2110f36", size = 1411736 },
    { url = "https://files.pythonhosted.org/packages/ee/1c/d070cbc9a7961fe772641c51bb3798d88cb1f8e20ca718407363462624cf/pyzmq-26.3.0-cp313-cp313-win32.whl", hash = "sha256:240b1634b9e530ef6a277d95cbca1a6922f44dfddc5f0a3cd6c722a8de867f14", size = 581214 },
    { url = "https://files.pythonhosted.org/packages/38/d3/91082f1151ff5b54e0bed40eb1a26f418530ab07ecaec4dbb83e3d9fa9a9/pyzmq-26.3.0-cp313-cp313-win_amd64.whl", hash = "sha256:fe67291775ea4c2883764ba467eb389c29c308c56b86c1e19e49c9e1ed0cbeca", size = 643412 },
    { url = "https://files.pythonhosted.org/packages/e0/cf/dabe68dfdf3e67bea6152eeec4b251cf899ee5b853cfb5c97e4719f9e6e9/pyzmq-26.3.0-cp313-cp313-win_arm64.whl", hash = "sha256:73ca9ae9a9011b714cf7650450cd9c8b61a135180b708904f1f0a05004543dce", size = 557444 },
    { url = "https://files.pythonhosted.org/packages/c0/56/e7576ac71c1566da4f4ec586351462a2bb202143fb074bf56df8fe85dcc3/pyzmq-26.3.0-cp313-cp313t-macosx_10_15_universal2.whl", hash = "sha256:fea7efbd7e49af9d7e5ed6c506dfc7de3d1a628790bd3a35fd0e3c904dc7d464", size = 1340288 },
    { url = "https://files.pythonhosted.org/packages/f1/ab/0bca97e94d420b5908968bc479e51c3686a9f80d8893450eefcd673b1b1d/pyzmq-26.3.0-cp313-cp313t-manylinux_2_17_aarch64.manylinux2014_aarch64.whl", hash = "sha256:c4430c7cba23bb0e2ee203eee7851c1654167d956fc6d4b3a87909ccaf3c5825", size = 662462 },
    { url = "https://files.pythonhosted.org/packages/ee/be/99e89b55863808da322ac3ab52d8e135dcf2241094aaa468bfe2923d5194/pyzmq-26.3.0-cp313-cp313t-manylinux_2_17_i686.manylinux2014_i686.whl", hash = "sha256:016d89bee8c7d566fad75516b4e53ec7c81018c062d4c51cd061badf9539be52", size = 896464 },
    { url = "https://files.pythonhosted.org/packages/38/d4/a4be06a313c8d6a5fe1d92975db30aca85f502e867fca392532e06a28c3c/pyzmq-26.3.0-cp313-cp313t-manylinux_2_17_x86_64.manylinux2014_x86_64.whl", hash = "sha256:04bfe59852d76d56736bfd10ac1d49d421ab8ed11030b4a0332900691507f557", size = 853432 },
    { url = "https://files.pythonhosted.org/packages/12/e6/e608b4c34106bbf5b3b382662ea90a43b2e23df0aa9c1f0fd4e21168d523/pyzmq-26.3.0-cp313-cp313t-manylinux_2_28_x86_64.whl", hash = "sha256:1fe05bd0d633a0f672bb28cb8b4743358d196792e1caf04973b7898a0d70b046", size = 845884 },
    { url = "https://files.pythonhosted.org/packages/c3/a9/d5e6355308ba529d9cd3576ee8bb3b2e2b726571748f515fbb8559401f5b/pyzmq-26.3.0-cp313-cp313t-musllinux_1_1_aarch64.whl", hash = "sha256:2aa1a9f236d5b835fb8642f27de95f9edcfd276c4bc1b6ffc84f27c6fb2e2981", size = 1191454 },
    { url = "https://files.pythonhosted.org/packages/6a/9a/a21dc6c73ac242e425709c1e0049368d8f5db5de7c1102a45f93f5c492b3/pyzmq-26.3.0-cp313-cp313t-musllinux_1_1_i686.whl", hash = "sha256:21399b31753bf321043ea60c360ed5052cc7be20739785b1dff1820f819e35b3", size = 1500397 },
    { url = "https://files.pythonhosted.org/packages/87/88/0236056156da0278c9ca2e2562463643597808b5bbd6c34009ba217e7e92/pyzmq-26.3.0-cp313-cp313t-musllinux_1_1_x86_64.whl", hash = "sha256:d015efcd96aca8882057e7e6f06224f79eecd22cad193d3e6a0a91ec67590d1f", size = 1398401 },
]

[[package]]
name = "zmq"
version = "0.0.0"
source = { registry = "https://pypi.org/simple" }
dependencies = [
    { name = "pyzmq" },
]
sdist = { url = "https://files.pythonhosted.org/packages/6e/78/833b2808793c1619835edb1a4e17a023d5d625f4f97ff25ffff986d1f472/zmq-0.0.0.tar.gz", hash = "sha256:6b1a1de53338646e8c8405803cffb659e8eb7bb02fff4c9be62a7acfac8370c9", size = 966 }
